
Microsoft Visual Studio Solution File, Format Version 12.00
# Visual Studio Version 16
VisualStudioVersion = 16.0.30420.98
MinimumVisualStudioVersion = 10.0.40219.1
Project("{9A19103F-16F7-4668-BE54-9A1E7A4F7556}") = "NavDemo.Web", "NavDemo.Web\NavDemo.Web.csproj", "{FFB3DB54-AAE3-4C54-9A33-42C9BF12609A}"
EndProject
Project("{9A19103F-16F7-4668-BE54-9A1E7A4F7556}") = "NavDemo.Tests", "NavDemo.Tests\NavDemo.Tests.csproj", "{F00897D3-9267-44D4-9E6D-0110E9F883C6}"
EndProject
Global
	GlobalSection(SolutionConfigurationPlatforms) = preSolution
		Debug|Any CPU = Debug|Any CPU
		Release|Any CPU = Release|Any CPU
	EndGlobalSection
	GlobalSection(ProjectConfigurationPlatforms) = postSolution
		{FFB3DB54-AAE3-4C54-9A33-42C9BF12609A}.Debug|Any CPU.ActiveCfg = Debug|Any CPU
		{FFB3DB54-AAE3-4C54-9A33-42C9BF12609A}.Debug|Any CPU.Build.0 = Debug|Any CPU
		{FFB3DB54-AAE3-4C54-9A33-42C9BF12609A}.Release|Any CPU.ActiveCfg = Release|Any CPU
		{FFB3DB54-AAE3-4C54-9A33-42C9BF12609A}.Release|Any CPU.Build.0 = Release|Any CPU
		{F00897D3-9267-44D4-9E6D-0110E9F883C6}.Debug|Any CPU.ActiveCfg = Debug|Any CPU
		{F00897D3-9267-44D4-9E6D-0110E9F883C6}.Debug|Any CPU.Build.0 = Debug|Any CPU
		{F00897D3-9267-44D4-9E6D-0110E9F883C6}.Release|Any CPU.ActiveCfg = Release|Any CPU
		{F00897D3-9267-44D4-9E6D-0110E9F883C6}.Release|Any CPU.Build.0 = Release|Any CPU
	EndGlobalSection
	GlobalSection(SolutionProperties) = preSolution
		HideSolutionNode = FALSE
	EndGlobalSection
	GlobalSection(ExtensibilityGlobals) = postSolution
		SolutionGuid = {B7411D8C-7BC8-4946-B470-CAE64D8517C7}
	EndGlobalSection
EndGlobal
